
Microsoft Visual Studio Solution File, Format Version 12.00
# Visual Studio Version 17
VisualStudioVersion = 17.4.33213.308
MinimumVisualStudioVersion = 10.0.40219.1
Project("{9A19103F-16F7-4668-BE54-9A1E7A4F7556}") = "DevIO.Api", "src\DevIO.Api\DevIO.Api.csproj", "{AF6CABFB-10BB-409A-BD98-56D4AD2746D1}"
EndProject
Project("{9A19103F-16F7-4668-BE54-9A1E7A4F7556}") = "DevIO.Business", "src\DevIO.Business\DevIO.Business.csproj", "{5653E528-1C13-41FF-A10E-3B60C036CF8E}"
EndProject
Project("{9A19103F-16F7-4668-BE54-9A1E7A4F7556}") = "DevIO.Data", "src\DevIO.Data\DevIO.Data.csproj", "{7673FE64-4D9B-468B-AD52-0E4125E61F77}"
EndProject
Global
	GlobalSection(SolutionConfigurationPlatforms) = preSolution
		Debug|Any CPU = Debug|Any CPU
		Release|Any CPU = Release|Any CPU
	EndGlobalSection
	GlobalSection(ProjectConfigurationPlatforms) = postSolution
		{AF6CABFB-10BB-409A-BD98-56D4AD2746D1}.Debug|Any CPU.ActiveCfg = Debug|Any CPU
		{AF6CABFB-10BB-409A-BD98-56D4AD2746D1}.Debug|Any CPU.Build.0 = Debug|Any CPU
		{AF6CABFB-10BB-409A-BD98-56D4AD2746D1}.Release|Any CPU.ActiveCfg = Release|Any CPU
		{AF6CABFB-10BB-409A-BD98-56D4AD2746D1}.Release|Any CPU.Build.0 = Release|Any CPU
		{5653E528-1C13-41FF-A10E-3B60C036CF8E}.Debug|Any CPU.ActiveCfg = Debug|Any CPU
		{5653E528-1C13-41FF-A10E-3B60C036CF8E}.Debug|Any CPU.Build.0 = Debug|Any CPU
		{5653E528-1C13-41FF-A10E-3B60C036CF8E}.Release|Any CPU.ActiveCfg = Release|Any CPU
		{5653E528-1C13-41FF-A10E-3B60C036CF8E}.Release|Any CPU.Build.0 = Release|Any CPU
		{7673FE64-4D9B-468B-AD52-0E4125E61F77}.Debug|Any CPU.ActiveCfg = Debug|Any CPU
		{7673FE64-4D9B-468B-AD52-0E4125E61F77}.Debug|Any CPU.Build.0 = Debug|Any CPU
		{7673FE64-4D9B-468B-AD52-0E4125E61F77}.Release|Any CPU.ActiveCfg = Release|Any CPU
		{7673FE64-4D9B-468B-AD52-0E4125E61F77}.Release|Any CPU.Build.0 = Release|Any CPU
	EndGlobalSection
	GlobalSection(SolutionProperties) = preSolution
		HideSolutionNode = FALSE
	EndGlobalSection
	GlobalSection(ExtensibilityGlobals) = postSolution
		SolutionGuid = {8503EB91-CB0F-4657-986F-D9A1A8731A24}
	EndGlobalSection
EndGlobal
